
Microsoft Visual Studio Solution File, Format Version 12.00
# Visual Studio 15
VisualStudioVersion = 15.0.27130.2010
MinimumVisualStudioVersion = 10.0.40219.1
Project("{FAE04EC0-301F-11D3-BF4B-00C04F79EFBC}") = "FirmaSpedycyjna", "FirmaSpedycyjna\FirmaSpedycyjna.csproj", "{831EE97E-EAEA-40FA-8492-B9EFF285E622}"
EndProject
Global
	GlobalSection(SolutionConfigurationPlatforms) = preSolution
		Debug|Any CPU = Debug|Any CPU
		Release|Any CPU = Release|Any CPU
	EndGlobalSection
	GlobalSection(ProjectConfigurationPlatforms) = postSolution
		{831EE97E-EAEA-40FA-8492-B9EFF285E622}.Debug|Any CPU.ActiveCfg = Debug|Any CPU
		{831EE97E-EAEA-40FA-8492-B9EFF285E622}.Debug|Any CPU.Build.0 = Debug|Any CPU
		{831EE97E-EAEA-40FA-8492-B9EFF285E622}.Release|Any CPU.ActiveCfg = Release|Any CPU
		{831EE97E-EAEA-40FA-8492-B9EFF285E622}.Release|Any CPU.Build.0 = Release|Any CPU
	EndGlobalSection
	GlobalSection(SolutionProperties) = preSolution
		HideSolutionNode = FALSE
	EndGlobalSection
	GlobalSection(ExtensibilityGlobals) = postSolution
		SolutionGuid = {851A9C1B-0CDE-4DDF-A959-4DB5CF93E3D1}
	EndGlobalSection
EndGlobal
